
Microsoft Visual Studio Solution File, Format Version 12.00
# Visual Studio 2013
VisualStudioVersion = 12.0.31101.0
MinimumVisualStudioVersion = 10.0.40219.1
Project("{FAE04EC0-301F-11D3-BF4B-00C04F79EFBC}") = "BLL", "StatisticsSystem_BLL\BLL.csproj", "{96509B21-D811-49D4-9412-67B3EDA1C87F}"
EndProject
Project("{FAE04EC0-301F-11D3-BF4B-00C04F79EFBC}") = "CalculateTest", "CalculateTest\CalculateTest.csproj", "{23E17414-9A32-45B7-A113-0C3762ACAC46}"
EndProject
Project("{FAE04EC0-301F-11D3-BF4B-00C04F79EFBC}") = "Common", "Common\Common.csproj", "{E3D8759A-C5EB-402D-9F10-F5C6029A8D1A}"
EndProject
Project("{FAE04EC0-301F-11D3-BF4B-00C04F79EFBC}") = "Xiaov.Core", "Core\Xiaov.Core.csproj", "{B7A25405-3AAB-4B39-BE5F-6D8C36A8C4A8}"
EndProject
Project("{FAE04EC0-301F-11D3-BF4B-00C04F79EFBC}") = "DBUtilityOdp", "DBUtility\DBUtilityOdp.csproj", "{8317E3AD-9F77-4CAD-8A9A-1F0BE3C7D33B}"
EndProject
Project("{FAE04EC0-301F-11D3-BF4B-00C04F79EFBC}") = "DBUtility", "DBUtilityOld\DBUtility.csproj", "{0988C62E-247F-471F-A183-DB509C7A3839}"
EndProject
Project("{FAE04EC0-301F-11D3-BF4B-00C04F79EFBC}") = "ExcelExport", "ExcelExport\ExcelExport.csproj", "{3B618943-9DA3-4ED0-9AC9-5C7C2F5DEDC2}"
EndProject
Global
	GlobalSection(SolutionConfigurationPlatforms) = preSolution
		Debug|Any CPU = Debug|Any CPU
		Debug|Mixed Platforms = Debug|Mixed Platforms
		Debug|x86 = Debug|x86
		Release|Any CPU = Release|Any CPU
		Release|Mixed Platforms = Release|Mixed Platforms
		Release|x86 = Release|x86
	EndGlobalSection
	GlobalSection(ProjectConfigurationPlatforms) = postSolution
		{96509B21-D811-49D4-9412-67B3EDA1C87F}.Debug|Any CPU.ActiveCfg = Debug|Any CPU
		{96509B21-D811-49D4-9412-67B3EDA1C87F}.Debug|Any CPU.Build.0 = Debug|Any CPU
		{96509B21-D811-49D4-9412-67B3EDA1C87F}.Debug|Mixed Platforms.ActiveCfg = Debug|Any CPU
		{96509B21-D811-49D4-9412-67B3EDA1C87F}.Debug|Mixed Platforms.Build.0 = Debug|Any CPU
		{96509B21-D811-49D4-9412-67B3EDA1C87F}.Debug|x86.ActiveCfg = Debug|Any CPU
		{96509B21-D811-49D4-9412-67B3EDA1C87F}.Release|Any CPU.ActiveCfg = Release|Any CPU
		{96509B21-D811-49D4-9412-67B3EDA1C87F}.Release|Any CPU.Build.0 = Release|Any CPU
		{96509B21-D811-49D4-9412-67B3EDA1C87F}.Release|Mixed Platforms.ActiveCfg = Release|Any CPU
		{96509B21-D811-49D4-9412-67B3EDA1C87F}.Release|Mixed Platforms.Build.0 = Release|Any CPU
		{96509B21-D811-49D4-9412-67B3EDA1C87F}.Release|x86.ActiveCfg = Release|Any CPU
		{23E17414-9A32-45B7-A113-0C3762ACAC46}.Debug|Any CPU.ActiveCfg = Debug|x86
		{23E17414-9A32-45B7-A113-0C3762ACAC46}.Debug|Mixed Platforms.ActiveCfg = Debug|x86
		{23E17414-9A32-45B7-A113-0C3762ACAC46}.Debug|Mixed Platforms.Build.0 = Debug|x86
		{23E17414-9A32-45B7-A113-0C3762ACAC46}.Debug|x86.ActiveCfg = Debug|x86
		{23E17414-9A32-45B7-A113-0C3762ACAC46}.Debug|x86.Build.0 = Debug|x86
		{23E17414-9A32-45B7-A113-0C3762ACAC46}.Release|Any CPU.ActiveCfg = Release|x86
		{23E17414-9A32-45B7-A113-0C3762ACAC46}.Release|Mixed Platforms.ActiveCfg = Release|x86
		{23E17414-9A32-45B7-A113-0C3762ACAC46}.Release|Mixed Platforms.Build.0 = Release|x86
		{23E17414-9A32-45B7-A113-0C3762ACAC46}.Release|x86.ActiveCfg = Release|x86
		{23E17414-9A32-45B7-A113-0C3762ACAC46}.Release|x86.Build.0 = Release|x86
		{E3D8759A-C5EB-402D-9F10-F5C6029A8D1A}.Debug|Any CPU.ActiveCfg = Debug|Any CPU
		{E3D8759A-C5EB-402D-9F10-F5C6029A8D1A}.Debug|Any CPU.Build.0 = Debug|Any CPU
		{E3D8759A-C5EB-402D-9F10-F5C6029A8D1A}.Debug|Mixed Platforms.ActiveCfg = Debug|Any CPU
		{E3D8759A-C5EB-402D-9F10-F5C6029A8D1A}.Debug|Mixed Platforms.Build.0 = Debug|Any CPU
		{E3D8759A-C5EB-402D-9F10-F5C6029A8D1A}.Debug|x86.ActiveCfg = Debug|Any CPU
		{E3D8759A-C5EB-402D-9F10-F5C6029A8D1A}.Release|Any CPU.ActiveCfg = Release|Any CPU
		{E3D8759A-C5EB-402D-9F10-F5C6029A8D1A}.Release|Any CPU.Build.0 = Release|Any CPU
		{E3D8759A-C5EB-402D-9F10-F5C6029A8D1A}.Release|Mixed Platforms.ActiveCfg = Release|Any CPU
		{E3D8759A-C5EB-402D-9F10-F5C6029A8D1A}.Release|Mixed Platforms.Build.0 = Release|Any CPU
		{E3D8759A-C5EB-402D-9F10-F5C6029A8D1A}.Release|x86.ActiveCfg = Release|Any CPU
		{B7A25405-3AAB-4B39-BE5F-6D8C36A8C4A8}.Debug|Any CPU.ActiveCfg = Debug|Any CPU
		{B7A25405-3AAB-4B39-BE5F-6D8C36A8C4A8}.Debug|Any CPU.Build.0 = Debug|Any CPU
		{B7A25405-3AAB-4B39-BE5F-6D8C36A8C4A8}.Debug|Mixed Platforms.ActiveCfg = Debug|Any CPU
		{B7A25405-3AAB-4B39-BE5F-6D8C36A8C4A8}.Debug|Mixed Platforms.Build.0 = Debug|Any CPU
		{B7A25405-3AAB-4B39-BE5F-6D8C36A8C4A8}.Debug|x86.ActiveCfg = Debug|Any CPU
		{B7A25405-3AAB-4B39-BE5F-6D8C36A8C4A8}.Release|Any CPU.ActiveCfg = Release|Any CPU
		{B7A25405-3AAB-4B39-BE5F-6D8C36A8C4A8}.Release|Any CPU.Build.0 = Release|Any CPU
		{B7A25405-3AAB-4B39-BE5F-6D8C36A8C4A8}.Release|Mixed Platforms.ActiveCfg = Release|Any CPU
		{B7A25405-3AAB-4B39-BE5F-6D8C36A8C4A8}.Release|Mixed Platforms.Build.0 = Release|Any CPU
		{B7A25405-3AAB-4B39-BE5F-6D8C36A8C4A8}.Release|x86.ActiveCfg = Release|Any CPU
		{8317E3AD-9F77-4CAD-8A9A-1F0BE3C7D33B}.Debug|Any CPU.ActiveCfg = Debug|Any CPU
		{8317E3AD-9F77-4CAD-8A9A-1F0BE3C7D33B}.Debug|Any CPU.Build.0 = Debug|Any CPU
		{8317E3AD-9F77-4CAD-8A9A-1F0BE3C7D33B}.Debug|Mixed Platforms.ActiveCfg = Debug|Any CPU
		{8317E3AD-9F77-4CAD-8A9A-1F0BE3C7D33B}.Debug|Mixed Platforms.Build.0 = Debug|Any CPU
		{8317E3AD-9F77-4CAD-8A9A-1F0BE3C7D33B}.Debug|x86.ActiveCfg = Debug|Any CPU
		{8317E3AD-9F77-4CAD-8A9A-1F0BE3C7D33B}.Release|Any CPU.ActiveCfg = Release|Any CPU
		{8317E3AD-9F77-4CAD-8A9A-1F0BE3C7D33B}.Release|Any CPU.Build.0 = Release|Any CPU
		{8317E3AD-9F77-4CAD-8A9A-1F0BE3C7D33B}.Release|Mixed Platforms.ActiveCfg = Release|Any CPU
		{8317E3AD-9F77-4CAD-8A9A-1F0BE3C7D33B}.Release|Mixed Platforms.Build.0 = Release|Any CPU
		{8317E3AD-9F77-4CAD-8A9A-1F0BE3C7D33B}.Release|x86.ActiveCfg = Release|Any CPU
		{0988C62E-247F-471F-A183-DB509C7A3839}.Debug|Any CPU.ActiveCfg = Debug|Any CPU
		{0988C62E-247F-471F-A183-DB509C7A3839}.Debug|Any CPU.Build.0 = Debug|Any CPU
		{0988C62E-247F-471F-A183-DB509C7A3839}.Debug|Mixed Platforms.ActiveCfg = Debug|Any CPU
		{0988C62E-247F-471F-A183-DB509C7A3839}.Debug|Mixed Platforms.Build.0 = Debug|Any CPU
		{0988C62E-247F-471F-A183-DB509C7A3839}.Debug|x86.ActiveCfg = Debug|Any CPU
		{0988C62E-247F-471F-A183-DB509C7A3839}.Release|Any CPU.ActiveCfg = Release|Any CPU
		{0988C62E-247F-471F-A183-DB509C7A3839}.Release|Any CPU.Build.0 = Release|Any CPU
		{0988C62E-247F-471F-A183-DB509C7A3839}.Release|Mixed Platforms.ActiveCfg = Release|Any CPU
		{0988C62E-247F-471F-A183-DB509C7A3839}.Release|Mixed Platforms.Build.0 = Release|Any CPU
		{0988C62E-247F-471F-A183-DB509C7A3839}.Release|x86.ActiveCfg = Release|Any CPU
		{3B618943-9DA3-4ED0-9AC9-5C7C2F5DEDC2}.Debug|Any CPU.ActiveCfg = Debug|Any CPU
		{3B618943-9DA3-4ED0-9AC9-5C7C2F5DEDC2}.Debug|Any CPU.Build.0 = Debug|Any CPU
		{3B618943-9DA3-4ED0-9AC9-5C7C2F5DEDC2}.Debug|Mixed Platforms.ActiveCfg = Debug|Any CPU
		{3B618943-9DA3-4ED0-9AC9-5C7C2F5DEDC2}.Debug|Mixed Platforms.Build.0 = Debug|Any CPU
		{3B618943-9DA3-4ED0-9AC9-5C7C2F5DEDC2}.Debug|x86.ActiveCfg = Debug|Any CPU
		{3B618943-9DA3-4ED0-9AC9-5C7C2F5DEDC2}.Release|Any CPU.ActiveCfg = Release|Any CPU
		{3B618943-9DA3-4ED0-9AC9-5C7C2F5DEDC2}.Release|Any CPU.Build.0 = Release|Any CPU
		{3B618943-9DA3-4ED0-9AC9-5C7C2F5DEDC2}.Release|Mixed Platforms.ActiveCfg = Release|Any CPU
		{3B618943-9DA3-4ED0-9AC9-5C7C2F5DEDC2}.Release|Mixed Platforms.Build.0 = Release|Any CPU
		{3B618943-9DA3-4ED0-9AC9-5C7C2F5DEDC2}.Release|x86.ActiveCfg = Release|Any CPU
	EndGlobalSection
	GlobalSection(SolutionProperties) = preSolution
		HideSolutionNode = FALSE
	EndGlobalSection
EndGlobal
